
Microsoft Visual Studio Solution File, Format Version 12.00
# Visual Studio 14
VisualStudioVersion = 14.0.25123.0
MinimumVisualStudioVersion = 10.0.40219.1
Project("{FAE04EC0-301F-11D3-BF4B-00C04F79EFBC}") = "SonicPlugin", "SonicPlugin\SonicPlugin.csproj", "{35BFC39D-E28D-4846-A264-53D931F81CEB}"
EndProject
Global
	GlobalSection(SolutionConfigurationPlatforms) = preSolution
		Debug|Any CPU = Debug|Any CPU
		Release|Any CPU = Release|Any CPU
	EndGlobalSection
	GlobalSection(ProjectConfigurationPlatforms) = postSolution
		{35BFC39D-E28D-4846-A264-53D931F81CEB}.Debug|Any CPU.ActiveCfg = Debug|Any CPU
		{35BFC39D-E28D-4846-A264-53D931F81CEB}.Debug|Any CPU.Build.0 = Debug|Any CPU
		{35BFC39D-E28D-4846-A264-53D931F81CEB}.Release|Any CPU.ActiveCfg = Release|Any CPU
		{35BFC39D-E28D-4846-A264-53D931F81CEB}.Release|Any CPU.Build.0 = Release|Any CPU
	EndGlobalSection
	GlobalSection(SolutionProperties) = preSolution
		HideSolutionNode = FALSE
	EndGlobalSection
EndGlobal
