
Microsoft Visual Studio Solution File, Format Version 12.00
# Visual Studio 14
VisualStudioVersion = 14.0.25420.1
MinimumVisualStudioVersion = 10.0.40219.1
Project("{FAE04EC0-301F-11D3-BF4B-00C04F79EFBC}") = "SoNNic", "SonicPlugin\SoNNic.csproj", "{35BFC39D-E28D-4846-A264-53D931F81CEB}"
EndProject
Project("{FAE04EC0-301F-11D3-BF4B-00C04F79EFBC}") = "RemotePanel", "RemotePanel\RemotePanel.csproj", "{2FBDCFB1-7471-495B-955A-165507943256}"
EndProject
Project("{FAE04EC0-301F-11D3-BF4B-00C04F79EFBC}") = "Analyzer", "Analyzer\Analyzer.csproj", "{F633B79E-120E-46BD-9D4C-79DE8F7F4F0E}"
EndProject
Global
	GlobalSection(SolutionConfigurationPlatforms) = preSolution
		Debug|Any CPU = Debug|Any CPU
		Release|Any CPU = Release|Any CPU
	EndGlobalSection
	GlobalSection(ProjectConfigurationPlatforms) = postSolution
		{35BFC39D-E28D-4846-A264-53D931F81CEB}.Debug|Any CPU.ActiveCfg = Debug|Any CPU
		{35BFC39D-E28D-4846-A264-53D931F81CEB}.Debug|Any CPU.Build.0 = Debug|Any CPU
		{35BFC39D-E28D-4846-A264-53D931F81CEB}.Release|Any CPU.ActiveCfg = Release|Any CPU
		{35BFC39D-E28D-4846-A264-53D931F81CEB}.Release|Any CPU.Build.0 = Release|Any CPU
		{2FBDCFB1-7471-495B-955A-165507943256}.Debug|Any CPU.ActiveCfg = Debug|Any CPU
		{2FBDCFB1-7471-495B-955A-165507943256}.Debug|Any CPU.Build.0 = Debug|Any CPU
		{2FBDCFB1-7471-495B-955A-165507943256}.Release|Any CPU.ActiveCfg = Release|Any CPU
		{2FBDCFB1-7471-495B-955A-165507943256}.Release|Any CPU.Build.0 = Release|Any CPU
		{F633B79E-120E-46BD-9D4C-79DE8F7F4F0E}.Debug|Any CPU.ActiveCfg = Debug|Any CPU
		{F633B79E-120E-46BD-9D4C-79DE8F7F4F0E}.Debug|Any CPU.Build.0 = Debug|Any CPU
		{F633B79E-120E-46BD-9D4C-79DE8F7F4F0E}.Release|Any CPU.ActiveCfg = Release|Any CPU
		{F633B79E-120E-46BD-9D4C-79DE8F7F4F0E}.Release|Any CPU.Build.0 = Release|Any CPU
	EndGlobalSection
	GlobalSection(SolutionProperties) = preSolution
		HideSolutionNode = FALSE
	EndGlobalSection
EndGlobal
